
Microsoft Visual Studio Solution File, Format Version 12.00
# Visual Studio Version 17
VisualStudioVersion = 17.0.31919.166
MinimumVisualStudioVersion = 10.0.40219.1
Project("{9A19103F-16F7-4668-BE54-9A1E7A4F7556}") = "BootstrapComponents", "BootstrapComponents.csproj", "{054FFB20-35D6-4684-B9BD-3C86202BC152}"
EndProject
Global
	GlobalSection(SolutionConfigurationPlatforms) = preSolution
		Debug|Any CPU = Debug|Any CPU
		Release|Any CPU = Release|Any CPU
	EndGlobalSection
	GlobalSection(ProjectConfigurationPlatforms) = postSolution
		{054FFB20-35D6-4684-B9BD-3C86202BC152}.Debug|Any CPU.ActiveCfg = Debug|Any CPU
		{054FFB20-35D6-4684-B9BD-3C86202BC152}.Debug|Any CPU.Build.0 = Debug|Any CPU
		{054FFB20-35D6-4684-B9BD-3C86202BC152}.Release|Any CPU.ActiveCfg = Release|Any CPU
		{054FFB20-35D6-4684-B9BD-3C86202BC152}.Release|Any CPU.Build.0 = Release|Any CPU
	EndGlobalSection
	GlobalSection(SolutionProperties) = preSolution
		HideSolutionNode = FALSE
	EndGlobalSection
	GlobalSection(ExtensibilityGlobals) = postSolution
		SolutionGuid = {3FC02DEB-C5DB-4B80-99A1-17D16786EB5D}
	EndGlobalSection
EndGlobal
